# mods.lock - fetch-mods.sh が生成（手で編集しない）。再現用に版を完全固定。
# 形式(TSV): slug<TAB>version_id<TAB>filename<TAB>sha512<TAB>download_url
# mc: 1.21.11 / loader: fabric
# 再現DL: sh/fetch-mods.sh --frozen -o <出力先>
c2me-fabric	olrVZpJd	c2me-fabric-mc1.21.11-0.3.6.0.0.jar	c9b11100572fb71c3080ff11b011467624e8013b9942aade09a5c77eb62b3289667bad70501ddea8f35deb0a5d26884b79f76d4ed112d32342471ca7384b788a	https://cdn.modrinth.com/data/VSNURh3q/versions/olrVZpJd/c2me-fabric-mc1.21.11-0.3.6.0.0.jar
cristel-lib	1NM741mO	cristellib-fabric-1.21.11-3.1.7.jar	0ef8f505f8acd70b67d72933fe41aff0831b8d6dee40d1e2058b7ac1d5b8fb9324b5ad978e072799fda2e1bba72725ea4323aa3c6243c5a284bec47b0f613c0c	https://cdn.modrinth.com/data/cl223EMc/versions/1NM741mO/cristellib-fabric-1.21.11-3.1.7.jar
ct-overhaul-village	K2dNRnIZ	[fabric]ctov-1.21.11-3.6.2a.jar	80706db447d0713f112d7690c5c5ffe64065c760708f3ea4fe542101580acea26e8cc9f5295f458219bb2fc77a92177651a1d65a16b675127e550369dd51435d	https://cdn.modrinth.com/data/fgmhI8kH/versions/K2dNRnIZ/%5Bfabric%5Dctov-1.21.11-3.6.2a.jar
fabric-api	5zJNhXV2	fabric-api-0.141.4+1.21.11.jar	c092d48c6453bec3264f80f6a35bb334aba3112b5cd6c0e0b2676ce4d81e702cb1e522337f3a732348e757cc2226da3c601a314ae8766334f16af71a13bcc98d	https://cdn.modrinth.com/data/P7dR8mSH/versions/5zJNhXV2/fabric-api-0.141.4%2B1.21.11.jar
ferrite-core	Ii0gP3D8	ferritecore-8.2.0-fabric.jar	3210926a82eb32efd9bcebabe2f6c053daf5c4337eebc6d5bacba96d283510afbde646e7e195751de795ec70a2ea44fef77cb54bf22c8e57bb832d6217418869	https://cdn.modrinth.com/data/uXXizFIs/versions/Ii0gP3D8/ferritecore-8.2.0-fabric.jar
incendium	dmD183NM	Incendium_26.1_v5.4.12.jar	e2fe0e64b2228cd4a5c0af63a8943c1c958c586378e5e9d22be6b4fee82871bf1098a0e91cf34aa80df9d6c9ba03f2e36148748dc555ab63e1482ffc912e3530	https://cdn.modrinth.com/data/ZVzW5oNS/versions/dmD183NM/Incendium_26.1_v5.4.12.jar
lithium	Ow7wA0kG	lithium-fabric-0.21.4+mc1.21.11.jar	f14a5c3d2fad786347ca25083f902139694f618b7c103947f2fd067a7c5ee88a63e1ef8926f7d693ea79ed7d00f57317bae77ef9c2d630bf5ed01ac97a752b94	https://cdn.modrinth.com/data/gvQqBUqZ/versions/Ow7wA0kG/lithium-fabric-0.21.4%2Bmc1.21.11.jar
lithostitched	pLbQKCOo	lithostitched-1.7.2-fabric-21.11.jar	77e432cf8932f5a9e6caee5ed4e18d80e0782e5eb9852a0e14c3e2337f5f84ecc579277ac8b7cdbbeaf03ac2fd2b17b68e951a05355c7973df4fd9176774679f	https://cdn.modrinth.com/data/XaDC71GB/versions/pLbQKCOo/lithostitched-1.7.2-fabric-21.11.jar
nullscape	f87vU1jc	Nullscape_1.21.x_v1.2.17.jar	16e12725973e03284d1a9d71c750b9687b91d91789eae8df657aa0f90d3487a68687711e486e2e294800eb492c355960b09be43006f3e0c48f67fc91f4f30bc2	https://cdn.modrinth.com/data/LPjGiSO4/versions/f87vU1jc/Nullscape_1.21.x_v1.2.17.jar
structory	Nvh2sSPX	Structory_26.1_v1.3.16.jar	c3528d32c888d5b57cd14d1cf085ceeb567457e770b021dcedfe4475e36e16522cea5796ccb84a6467801d6f3c8d054feefa4a6bac5c4a91b1e8350ad736912d	https://cdn.modrinth.com/data/aKCwCJlY/versions/Nvh2sSPX/Structory_26.1_v1.3.16.jar
tectonic	7olSYFxL	tectonic-3.0.19-fabric-1.21.11.jar	ce0643d45aac7b5e3f3a32fc01928371d97612a9dc6e8df721bf215bf90afa021b8e8d7e19c0d00060c3c98591aec90d2ea51f594fdc0012051f20657fae85ef	https://cdn.modrinth.com/data/lWDHr9jE/versions/7olSYFxL/tectonic-3.0.19-fabric-1.21.11.jar
terralith	vVdNToqE	Terralith_1.21.11_v2.6.1_Fabric.jar	c502e8c18cc6b749fd3d5e8fc6e1d3fc91cdb9763c58c1c7e68c2ea69fb61f27259128171d5f50b2aaa0ea6a7753fcc293f14127110f5f4d2e2141758ffd469e	https://cdn.modrinth.com/data/8oi3bsk5/versions/vVdNToqE/Terralith_1.21.11_v2.6.1_Fabric.jar
towns-and-towers	qb0cwwDT	t_and_t-fabric-neoforge-1.13.9.jar	e0f743b746e78b271bca04c8684408eeb8e4a8570dccc4eebabc62a774c8404569963090f04056bb0f25bb39116a1b8ee47840dfd75a1c415ac5dfb41678b6c9	https://cdn.modrinth.com/data/DjLobEOy/versions/qb0cwwDT/t_and_t-fabric-neoforge-1.13.9.jar
