# mods.lock - fetch-mods.sh が生成（手で編集しない）。再現用に版を完全固定。
# 形式(TSV): slug<TAB>version_id<TAB>filename<TAB>sha512<TAB>download_url
# mc: 1.21.10 / loader: fabric
# 再現DL: sh/fetch-mods.sh --frozen -o <出力先>
appleskin	8sbiz1lS	appleskin-fabric-mc1.21.9-3.0.7.jar	79d0d0b4a09140cdb7cf74b1cd71554147c60648beb485ca647b149174e171660ec561ad329da58b78b5de439909b180e287b4b38bf068acfca20666100f4584	https://cdn.modrinth.com/data/EsAfCjCV/versions/8sbiz1lS/appleskin-fabric-mc1.21.9-3.0.7.jar
architectury-api	9eRDsZKH	architectury-18.0.8-fabric.jar	38e8c335f04783242d9ded589b8999b85d37620e22afbdfcbbc231c248c7cef7f210c38d63ac7eb01a68a76243b1ae5bcb0a21918f587f83e6a1941f622f2cb7	https://cdn.modrinth.com/data/lhGA9TYQ/versions/9eRDsZKH/architectury-18.0.8-fabric.jar
balm	9HjDG5Uj	balm-fabric-1.21.10-21.10.11.jar	3bb6422a31487ab953d61cbe12dd5230e22a87d24f25cc216657307d0bf1f1bfa1426204d50a7f4a276fcd364214343da9fad321ea8573ae34faf87672991039	https://cdn.modrinth.com/data/MBAkmtvl/versions/9HjDG5Uj/balm-fabric-1.21.10-21.10.11.jar
beautify-refabricated	uYEdErec	beautify-1.7.0+1.21.9.jar	ad4b1b32992dc5d9b94344426310ca95cc024f0942847e74fed4d9f91c5913168ab5a9ecc6a9436189d7131b5d350ea5b9dfbaa93e1a8005ff2feecca3823a8e	https://cdn.modrinth.com/data/DhSSvaxs/versions/uYEdErec/beautify-1.7.0%2B1.21.9.jar
betterdays	ZZ8gbfVy	betterdays-1.21.10-3.3.6.2-FABRIC.jar	dd603c6e3af76ff0e7ea0653fb63d881d2ae5bab6abf6fd3c94cf430ac3dabbca10eb86e3fab88aa8d8316d8a48d512e938e135fb1ac010ade66446014cf8b7b	https://cdn.modrinth.com/data/tPLE214j/versions/ZZ8gbfVy/betterdays-1.21.10-3.3.6.2-FABRIC.jar
c2me-fabric	uNick7oj	c2me-fabric-mc1.21.10-0.3.5.1.0.jar	4d079c872ab910fd65a6c9e8709c7050178626f7125c849389ca38388e19995bd874e071e86e6acf6fbefaa2f294fdbebecb9af8444a908b9a3de894d807c4db	https://cdn.modrinth.com/data/VSNURh3q/versions/uNick7oj/c2me-fabric-mc1.21.10-0.3.5.1.0.jar
call-your-horse	PGn9wRWU	call-your-horse-v2.1.0.jar	52bccc489cce00a78abab908ba6ab51cc235e61c662b3923db05eb7596017e176ae8f0ee03d8c57489a17c69a5dcde1ef52893922ee76019592cc3913c61f9bc	https://cdn.modrinth.com/data/QuDyXDNw/versions/PGn9wRWU/call-your-horse-v2.1.0.jar
chunky	F3FNq8Q9	Chunky-Fabric-1.4.52.jar	b269a59126052aaf911f9640d13a95129bd58946f402f1c10614080f4089410c60b1187239f1db6f0a9566dd5b8437f1dcbcfbbbe220effd4f652e5ba46f1e41	https://cdn.modrinth.com/data/fALzjamp/versions/F3FNq8Q9/Chunky-Fabric-1.4.52.jar
cloth-config	qMxkrrmq	cloth-config-20.0.149-fabric.jar	df1d9e0349dc64fc0859f17b65b67b0d7745a26b4905e87fc148ddebc0285de51a3255848599f0d5ee24f6aab00fbac4849d40bb9052936eaa452d216c7ada62	https://cdn.modrinth.com/data/9s6osm5g/versions/qMxkrrmq/cloth-config-20.0.149-fabric.jar
cristel-lib	ZvMKpvgf	cristellib-fabric-1.21.10-3.0.3.jar	8506d0caf05ec4565bf301dc9190733e4061f0a4f7974b85aa13fb35d2db75b0448746d04277a27e30a16891179ca74503b129a5d7e88cc1194a7249c6aadb9c	https://cdn.modrinth.com/data/cl223EMc/versions/ZvMKpvgf/cristellib-fabric-1.21.10-3.0.3.jar
ct-overhaul-village	GkrjwPMq	[Fabric]ctov-3.6.1.jar	42a1bacf44585169295777114510f28c33b86baccde62590c3e47ad9963f9212bb91b4363652fba5081a9c476ad043214555841bc4280fab030a758a1469687d	https://cdn.modrinth.com/data/fgmhI8kH/versions/GkrjwPMq/%5BFabric%5Dctov-3.6.1.jar
fabric-api	tV4Gc0Zo	fabric-api-0.138.4+1.21.10.jar	5e64c53391dfd1c059777d671c52be17a4e27a29d9bd7340ea9e3f55ce7a770b38db0a15e0966e981ee8c1b9372fb89543a278521624689268acebb85bd5c6e9	https://cdn.modrinth.com/data/P7dR8mSH/versions/tV4Gc0Zo/fabric-api-0.138.4%2B1.21.10.jar
ferrite-core	bPLllEgi	ferritecore-8.1.0-fabric.jar	0596c83d69867380260e20500e5ab184415a1178317464c2b7c8c68a87db435fbe7a80b22b4f50b56558d6506f7dbb35ad7bda16f46eab5b79d38f0d726f08f5	https://cdn.modrinth.com/data/uXXizFIs/versions/bPLllEgi/ferritecore-8.1.0-fabric.jar
incendium	PovCtpuw	Incendium_1.21.x_v5.4.9.jar	068b07eb1eee0934bae443036578d4060f54a624f22f2aceb0a953b37288e0a3e676a0d721d25151e949e506ee7d0481c11f64953fe3159342f2446ea984859c	https://cdn.modrinth.com/data/ZVzW5oNS/versions/PovCtpuw/Incendium_1.21.x_v5.4.9.jar
kleeslabs	zEJaI9ga	kleeslabs-fabric-1.21.10-21.10.2.jar	c557d1c96b1c4241f0aee2d16091a88636ecfe1294612c84441f99b0f34e0c908653d8c525b30d47009a27711b28f878940312d340259672b7aaf91a3d85a7b4	https://cdn.modrinth.com/data/7uh75ruZ/versions/zEJaI9ga/kleeslabs-fabric-1.21.10-21.10.2.jar
ksyxis	kL32PN9Q	Ksyxis-1.4.3.jar	55b1ec940910a6c36fa40595b0d7b8617e3a817c55ecb2d5c1ee54c026936d6f1a4bbe63228c60ebf75195bb14f3c9128c913ba949df2c5877b9b99d21bab9a4	https://cdn.modrinth.com/data/2ecVyZ49/versions/kL32PN9Q/Ksyxis-1.4.3.jar
lib-5555ff	uKkF2WLQ	lib-5555ff-v1.1.1.jar	62fa2cad2f8dfa6ea851f2105be8e46e89273ea464774a7e2bb9b445424e78863173f97d52f6ef6edb3ab184c11e42491eecc120efbcba507e9ad45d4b9f0e49	https://cdn.modrinth.com/data/Lr1LVAwO/versions/uKkF2WLQ/lib-5555ff-v1.1.1.jar
lithium	NsswKiwi	lithium-fabric-0.20.1+mc1.21.10.jar	79b2892d123f3bb12649927dd8fccc25c955ff38a19f3aba7cd0180c4cf5506c2a76d49418b13050f90bba7bb59f3623af06e8a275e2ae8c63808084043902bb	https://cdn.modrinth.com/data/gvQqBUqZ/versions/NsswKiwi/lithium-fabric-0.20.1%2Bmc1.21.10.jar
lithostitched	pqqSPaU1	lithostitched-1.5.2+patched-fabric-1.21.9.jar	fc35e49621e40b9810762d36813d0ef454e449bfe05d479006cad1213db2405814c9f7524c4bea087279e4b843364b7f11333bf2a6dd5d4aee0f463d6c953d23	https://cdn.modrinth.com/data/XaDC71GB/versions/pqqSPaU1/lithostitched-1.5.2%2Bpatched-fabric-1.21.9.jar
macaws-bridges	KGNoVLCS	mcw-bridges-3.1.2-mc1.21.10fabric.jar	53a27f683f8388c8cf20446b430e4ee6848e9af5488ec9d36bf6a123ab23fb180f70767f42fd99de160e25c3a433ef72b2f524fb824f49f672a4443eafbe327c	https://cdn.modrinth.com/data/GURcjz8O/versions/KGNoVLCS/mcw-bridges-3.1.2-mc1.21.10fabric.jar
macaws-doors	nd0FryHU	mcw-doors-1.1.5-mc1.21.10fabric.jar	afdf35d4e29a39ac7119cf65839230946756fb39281855646679b464b0161146c7e1d9206061f71dbb2554d2a041df6c9e9a97420f0587d202949348668aadfa	https://cdn.modrinth.com/data/kNxa8z3e/versions/nd0FryHU/mcw-doors-1.1.5-mc1.21.10fabric.jar
macaws-fences-and-walls	TNjK2EQp	mcw-mcwfences-1.2.1-mc1.21.10fabric.jar	0ad135132cf7cd60836db94f9bc65e1c1c5f609b8683ad90b6ecbe6290473578692489816eb2f96ee23ada945b47b784875a825c791d6ac42eadbc4ae9d83dc9	https://cdn.modrinth.com/data/GmwLse2I/versions/TNjK2EQp/mcw-mcwfences-1.2.1-mc1.21.10fabric.jar
macaws-furniture	75O9zzuZ	mcw-furniture-3.4.1-mc1.21.10fabric.jar	ae705e513931dc36af7b0427275efc82e5bbf265fc5f96f28a7a03b1203e5854011a3e47b69f4e74c2ec1bb6d028c43d41a177fa22c1ae78f68689599779bcfc	https://cdn.modrinth.com/data/dtWC90iB/versions/75O9zzuZ/mcw-furniture-3.4.1-mc1.21.10fabric.jar
macaws-lights-and-lamps	JwWHzORX	mcw-lights-1.1.5-mc1.21.10fabric.jar	7498cbce0579403fb4ce607109f01e4bbba99965ab9e39d63288103d5dfa922c16d53a07ea9d731ceb51dc96a87a01cc87b2292a6c9c2bc06df0a61f609bdda0	https://cdn.modrinth.com/data/w4an97C2/versions/JwWHzORX/mcw-lights-1.1.5-mc1.21.10fabric.jar
macaws-paths-and-pavings	lnbHQQEn	mcw-paths-1.1.1-mc1.21.10fabric.jar	c6266f05c9db01e8ca30acdc319a0627c96f74018b908bb514f21a1cb21fce788970a1a9998b2b8dfaea8cb7825199bae812936a422f451a6341e1b4d24c2281	https://cdn.modrinth.com/data/VRLhWB91/versions/lnbHQQEn/mcw-paths-1.1.1-mc1.21.10fabric.jar
macaws-roofs	jaWw7AzL	mcw-roofs-2.3.2-mc1.21.10fabric.jar	e879f82d4d6f09685f38a030eeedc65d57cc1d19b7a9b6f7d3c037475908b5a0301b411609de476b77303167c1f26c417f1e3c9726bf37725776b840d20deb41	https://cdn.modrinth.com/data/B8jaH3P1/versions/jaWw7AzL/mcw-roofs-2.3.2-mc1.21.10fabric.jar
macaws-stairs	cpTQK4Yc	mcw-mcwstairs-1.0.2-mc1.21.10fabric.jar	23cbfac6c989a42521ae518449564a97e41cc7fddc81aa8d38e1c9137819d87e86eea4d986aa4083ca95d9ecc536aab4399e0058cb7506945450efa2fc4f5d22	https://cdn.modrinth.com/data/iP3wH1ha/versions/cpTQK4Yc/mcw-mcwstairs-1.0.2-mc1.21.10fabric.jar
macaws-trapdoors	JTtf9wKh	mcw-trapdoors-1.1.5-mc1.21.10fabric.jar	4ac6fd1d8002a06a1b4d91d748a982f94a89a48dbe1c3587cb7b7c6885be53d770bc9a6877ef744df8a00af362497ce23f4160833573fae435df7126cc1e04e2	https://cdn.modrinth.com/data/n2fvCDlM/versions/JTtf9wKh/mcw-trapdoors-1.1.5-mc1.21.10fabric.jar
macaws-windows	oIVUhplu	mcw-mcwwindows-2.4.2-mc1.21.10fabric.jar	d7152fac4437f6084c1a4a3ad00ce3ef4868ed475694882d0df4a7aa157d257e8fe18acd552ce291418799f3e881fefcaf567b969c0d8bee921bb1a9f666f8c9	https://cdn.modrinth.com/data/C7I0BCni/versions/oIVUhplu/mcw-mcwwindows-2.4.2-mc1.21.10fabric.jar
nullscape	3fv8O3xX	Nullscape_1.21.x_v1.2.14.jar	b35a9dfdc7180ca851aea378ee4687e18b3aae717c16870a7762afc67dc0c77598fb2c4a62cb12d6ed0eacf7c9166520e0a3e7dce20da09817065d27e62c8b44	https://cdn.modrinth.com/data/LPjGiSO4/versions/3fv8O3xX/Nullscape_1.21.x_v1.2.14.jar
polymer	1ok02iew	polymer-bundled-0.14.4+1.21.10.jar	87f7b4ae8fe0b9260ea7ca85a7d7bba89c6566e0b3f40bf742b02a437c07b2221940102b877e1b775b14da838c1a50e57962c9ce13e0e4ae7cd98aca6a102565	https://cdn.modrinth.com/data/xGdtZczs/versions/1ok02iew/polymer-bundled-0.14.4%2B1.21.10.jar
rei	UqNkL18H	RoughlyEnoughItems-21.9.813-fabric.jar	364aef0cb14b2bcec49f064be8df754fc4b741fe63286533befe7631e459229d9d3c6bc04161deba34ee7c3420e3b355f2fd15b5d62c401a0b1dd1adb54facbc	https://cdn.modrinth.com/data/nfn13YXA/versions/UqNkL18H/RoughlyEnoughItems-21.9.813-fabric.jar
roadarchitect	QidUYR3n	roadarchitect-1.6.6-fabric+1.21.10.jar	6c2aa0a793c832a1249b5967da6390645029f31ce60033b4271f148328703419eb1238b019ad229846a902e59097260d82f8591780e0d1372e1cea28c3cd8375	https://cdn.modrinth.com/data/dLRvLyY3/versions/QidUYR3n/roadarchitect-1.6.6-fabric%2B1.21.10.jar
structory	Nvh2sSPX	Structory_26.1_v1.3.16.jar	c3528d32c888d5b57cd14d1cf085ceeb567457e770b021dcedfe4475e36e16522cea5796ccb84a6467801d6f3c8d054feefa4a6bac5c4a91b1e8350ad736912d	https://cdn.modrinth.com/data/aKCwCJlY/versions/Nvh2sSPX/Structory_26.1_v1.3.16.jar
survival-fly	qsU8MPaO	survivalfly-1.2.6_fabric+mc1.21.9x.jar	74dd9d7a251a12f309c52edaf85d9a44cf9686d57ba6d28b6b34207fab47e4197c03d8300920c5a67c55faa12f4ae659358437c35a7d660614563bb3fa952153	https://cdn.modrinth.com/data/R03iLZxe/versions/qsU8MPaO/survivalfly-1.2.6_fabric%2Bmc1.21.9x.jar
tectonic	kL6i6vRY	tectonic-3.0.17-fabric-1.21.10.jar	1b23ef8f59661ed9a9e8e45c71efa29ba879b2861482daf7c7ec41ca34d4acd2ea0ece4e71f16bbe46083c7d5bc40b4d8e8297d4b0142a4133347c39f223b372	https://cdn.modrinth.com/data/lWDHr9jE/versions/kL6i6vRY/tectonic-3.0.17-fabric-1.21.10.jar
terralith	JKg71Gq0	Terralith_1.21.x_v2.5.13.jar	3103879ef390d47a68f10bd4bf1b9d406396905afa640b8c15c3a44c8c15bbc3c6fdc4eab5a946b6be15885131408f6cd698c4a8d2065144b2ab1c46fa710cdb	https://cdn.modrinth.com/data/8oi3bsk5/versions/JKg71Gq0/Terralith_1.21.x_v2.5.13.jar
trashslot	8pBON0BS	trashslot-fabric-1.21.10-21.10.2.jar	58bf007072790d9caf202c76f1f0b8eacc563972da0c98e0eaa1feb2ae0019114a7f58d5ee5f7f4e2f41b054ae4d04c963e8515a0de0d4a6616aee1b5de51001	https://cdn.modrinth.com/data/vRYk0bv7/versions/8pBON0BS/trashslot-fabric-1.21.10-21.10.2.jar
typewriter-daycounter	aGfAC8xt	vr_typewriter_daycounter_v1.2.jar	ac2d381ab74acc0ef959e8946404c9ae6c8a07a1a527c397314e5485a48bbb50a76af342928060984ac8286a16068ea8b7ea2acc6939d58fad4bffd1d53a9c7e	https://cdn.modrinth.com/data/j6YEKDZd/versions/aGfAC8xt/vr_typewriter_daycounter_v1.2.jar
universal-graves	bJROTlRS	graves-3.9.0+1.21.9.jar	36b0008bda565519f4d4e6e58c1f2138ffc83931458967c346be108183a8649c58ef628cf869a42a517651b1c2c6d4977a431ad51edd98aae3f925ed6e6865a7	https://cdn.modrinth.com/data/yn9u3ypm/versions/bJROTlRS/graves-3.9.0%2B1.21.9.jar
