# mods.lock - fetch-mods.sh が生成（手で編集しない）。再現用に版を完全固定。
# 形式(TSV): slug<TAB>version_id<TAB>filename<TAB>sha512<TAB>download_url
# mc: 1.21.11 / loader: fabric
# 再現DL: sh/fetch-mods.sh --frozen -o <出力先>
appleskin	59ti1rvg	appleskin-fabric-mc1.21.11-3.0.8.jar	d32206cb8d6fac7f0b579f7269203135777283e1639ccb68f8605e9f5469b5b54305fd36ba82c64b48b89ae4f1a38501bfb5827284520c3ec622d95edcfa34de	https://cdn.modrinth.com/data/EsAfCjCV/versions/59ti1rvg/appleskin-fabric-mc1.21.11-3.0.8.jar
balm	5POKgjJn	balm-fabric-1.21.11-21.11.9.1.jar	8c1d759a5abb065da25b395c166c82435417ad456995930cff7bba6c12067206efa57c8ca2c9accd3beb2e40c35982238519fc2a3697794998929c37a20377e2	https://cdn.modrinth.com/data/MBAkmtvl/versions/5POKgjJn/balm-fabric-1.21.11-21.11.9.1.jar
beautify-refabricated	Q23Dp9b4	beautify-1.8.0+1.21.11.jar	1dc5d2d883099a086177bda411a329d05210f936d2f1598ebee68b26088b4aafa0b2d9744090eecd51b1f1aaad401b7858d4eaa46750f7178f8b3de59f89fbf7	https://cdn.modrinth.com/data/DhSSvaxs/versions/Q23Dp9b4/beautify-1.8.0%2B1.21.11.jar
betterdays	J9YqBuRw	betterdays-1.21.11-fabric-3.3.6.3-FABRIC.jar	722e73430a089e7479921c7ec3057254807f1f9aec947b4421dcb74e73960d261979c882b7135f742814f34595a7bd8bdf59de47395260c802bedfb1d1d4713e	https://cdn.modrinth.com/data/tPLE214j/versions/J9YqBuRw/betterdays-1.21.11-fabric-3.3.6.3-FABRIC.jar
c2me-fabric	olrVZpJd	c2me-fabric-mc1.21.11-0.3.6.0.0.jar	c9b11100572fb71c3080ff11b011467624e8013b9942aade09a5c77eb62b3289667bad70501ddea8f35deb0a5d26884b79f76d4ed112d32342471ca7384b788a	https://cdn.modrinth.com/data/VSNURh3q/versions/olrVZpJd/c2me-fabric-mc1.21.11-0.3.6.0.0.jar
call-your-horse	JSEC1u3b	call-your-horse-v2.1.1.jar	bf788951021f31fb12d6c046045b80e617afe2df6a4fc4e150aa741f4768a6660d83f38b91b240124c1929610304f956e9e094885d80ddea41355cb7321e7205	https://cdn.modrinth.com/data/QuDyXDNw/versions/JSEC1u3b/call-your-horse-v2.1.1.jar
carry-on	twgpqIAS	carryon-fabric-1.21.11-2.9.0.jar	2a73c5a12898ba2c613afe1a9dec559011946b4b7b1338328d4c279a7cb921be6c8c9789c1b35037a0aa826eb27efa1a45090d28fd27bf7dffd3bacebab4c676	https://cdn.modrinth.com/data/joEfVgkn/versions/twgpqIAS/carryon-fabric-1.21.11-2.9.0.jar
cloth-config	xuX40TN5	cloth-config-21.11.153-fabric.jar	8f455489d4b71069e998568cf4e1450116f4360a4eb481cd89117f629c6883164886cf63ca08ac4fc929dd13d1112152755a6216d4a1498ee6406ef102093e51	https://cdn.modrinth.com/data/9s6osm5g/versions/xuX40TN5/cloth-config-21.11.153-fabric.jar
cristel-lib	1NM741mO	cristellib-fabric-1.21.11-3.1.7.jar	0ef8f505f8acd70b67d72933fe41aff0831b8d6dee40d1e2058b7ac1d5b8fb9324b5ad978e072799fda2e1bba72725ea4323aa3c6243c5a284bec47b0f613c0c	https://cdn.modrinth.com/data/cl223EMc/versions/1NM741mO/cristellib-fabric-1.21.11-3.1.7.jar
ct-overhaul-village	K2dNRnIZ	[fabric]ctov-1.21.11-3.6.2a.jar	80706db447d0713f112d7690c5c5ffe64065c760708f3ea4fe542101580acea26e8cc9f5295f458219bb2fc77a92177651a1d65a16b675127e550369dd51435d	https://cdn.modrinth.com/data/fgmhI8kH/versions/K2dNRnIZ/%5Bfabric%5Dctov-1.21.11-3.6.2a.jar
customtimecycle	HUZAma7u	customtimecycle-fabric-0.1.5-1.21.11.jar	22d5cfe6e8600e27d32b68e4e1182d2ee0149dc3cf5ba42d76f53808762d3f3900fe758900cd3410d510bf1d8dd9713adc3bb330129b99f880bc9540398cf618	https://cdn.modrinth.com/data/Xuf4fk5b/versions/HUZAma7u/customtimecycle-fabric-0.1.5-1.21.11.jar
distanthorizons	WKoReI8f	DistantHorizons-3.1.2-b-1.21.11-fabric-neoforge.jar	c6f61eb05b838377ed5a6f22328ebbc2caff05ae6364ff84fa97c0038a9e8bbfab911b115b6d7bff7d4902ee8832681b1af3b695e0fa85971e1d63b8892984d1	https://cdn.modrinth.com/data/uCdwusMi/versions/WKoReI8f/DistantHorizons-3.1.2-b-1.21.11-fabric-neoforge.jar
easy-mob-spawn-control	qEumURFt	easy_mob_spawn_control-1.1.5.jar	baea2c57033a3d4bde3840e32f964f7727b9a04565f2c307bde031c72b7edb9b58b6a5e7f4f236cbbb5acf1b5a69e76b3ab725a6320464d3146ff87e4e0fce7b	https://cdn.modrinth.com/data/pTXV6gwq/versions/qEumURFt/easy_mob_spawn_control-1.1.5.jar
fabric-api	5zJNhXV2	fabric-api-0.141.4+1.21.11.jar	c092d48c6453bec3264f80f6a35bb334aba3112b5cd6c0e0b2676ce4d81e702cb1e522337f3a732348e757cc2226da3c601a314ae8766334f16af71a13bcc98d	https://cdn.modrinth.com/data/P7dR8mSH/versions/5zJNhXV2/fabric-api-0.141.4%2B1.21.11.jar
fast-leaf-decay	WXJGrxUx	fast-leaf-decay-fabric-1.0.0.jar	0aac3dd81dba3d37d3e30f8cac1875f9c3f2a7e942ccbae56947e622f5aa537d7bab4559d38ddd7be21601a7d15c10b9cc24aef6c288f51f8de0a48ce9730db7	https://cdn.modrinth.com/data/PcKMtamx/versions/WXJGrxUx/fast-leaf-decay-fabric-1.0.0.jar
ferrite-core	Ii0gP3D8	ferritecore-8.2.0-fabric.jar	3210926a82eb32efd9bcebabe2f6c053daf5c4337eebc6d5bacba96d283510afbde646e7e195751de795ec70a2ea44fef77cb54bf22c8e57bb832d6217418869	https://cdn.modrinth.com/data/uXXizFIs/versions/Ii0gP3D8/ferritecore-8.2.0-fabric.jar
incendium	dmD183NM	Incendium_26.1_v5.4.12.jar	e2fe0e64b2228cd4a5c0af63a8943c1c958c586378e5e9d22be6b4fee82871bf1098a0e91cf34aa80df9d6c9ba03f2e36148748dc555ab63e1482ffc912e3530	https://cdn.modrinth.com/data/ZVzW5oNS/versions/dmD183NM/Incendium_26.1_v5.4.12.jar
jei	XUzRNF8t	jei-1.21.11-fabric-27.4.0.24.jar	ff78c00dc6f1bf2ff1532bd699cf662d4d7df42798f4840c287a132d08ca78bcb00b1e3a9fe2fd971563d1f15eb90c42eaae0f28b2092ad1e04461d1d0c74172	https://cdn.modrinth.com/data/u6dRKJwZ/versions/XUzRNF8t/jei-1.21.11-fabric-27.4.0.24.jar
kleeslabs	LArQWMkb	kleeslabs-fabric-1.21.11-21.11.3.jar	2da6373323f3162b336bb57af63ee55cb47d7344a5706fbf2ef3edfc6ac6319ba7e4194ec5d424b32dab680b828e154a0285dbbdfc8f09f4b69e8bcf36d60a39	https://cdn.modrinth.com/data/7uh75ruZ/versions/LArQWMkb/kleeslabs-fabric-1.21.11-21.11.3.jar
ksyxis	kL32PN9Q	Ksyxis-1.4.3.jar	55b1ec940910a6c36fa40595b0d7b8617e3a817c55ecb2d5c1ee54c026936d6f1a4bbe63228c60ebf75195bb14f3c9128c913ba949df2c5877b9b99d21bab9a4	https://cdn.modrinth.com/data/2ecVyZ49/versions/kL32PN9Q/Ksyxis-1.4.3.jar
lib-5555ff	uKkF2WLQ	lib-5555ff-v1.1.1.jar	62fa2cad2f8dfa6ea851f2105be8e46e89273ea464774a7e2bb9b445424e78863173f97d52f6ef6edb3ab184c11e42491eecc120efbcba507e9ad45d4b9f0e49	https://cdn.modrinth.com/data/Lr1LVAwO/versions/uKkF2WLQ/lib-5555ff-v1.1.1.jar
lithium	Ow7wA0kG	lithium-fabric-0.21.4+mc1.21.11.jar	f14a5c3d2fad786347ca25083f902139694f618b7c103947f2fd067a7c5ee88a63e1ef8926f7d693ea79ed7d00f57317bae77ef9c2d630bf5ed01ac97a752b94	https://cdn.modrinth.com/data/gvQqBUqZ/versions/Ow7wA0kG/lithium-fabric-0.21.4%2Bmc1.21.11.jar
lithostitched	pLbQKCOo	lithostitched-1.7.2-fabric-21.11.jar	77e432cf8932f5a9e6caee5ed4e18d80e0782e5eb9852a0e14c3e2337f5f84ecc579277ac8b7cdbbeaf03ac2fd2b17b68e951a05355c7973df4fd9176774679f	https://cdn.modrinth.com/data/XaDC71GB/versions/pLbQKCOo/lithostitched-1.7.2-fabric-21.11.jar
macaws-bridges	VwHKtWix	mcw-bridges-3.1.2-mc1.21.11fabric.jar	866afffd9e07765596941322ed8d8085c471770360027dea033bae63d5763f672c0934d7277fa9d0d0f6520281deeac5b8107fe089dc6eb07dc9c56341d1e2a0	https://cdn.modrinth.com/data/GURcjz8O/versions/VwHKtWix/mcw-bridges-3.1.2-mc1.21.11fabric.jar
macaws-doors	G56MgNgk	mcw-doors-1.1.5-mc1.21.11fabric.jar	312b07e697d6e9aafd92a282f073ee2a24cd3f8065d4512302781d9c4874965169cf4a21422003c8bef04fff845e5c3684416f8041abf085d912e4fae0ea1548	https://cdn.modrinth.com/data/kNxa8z3e/versions/G56MgNgk/mcw-doors-1.1.5-mc1.21.11fabric.jar
macaws-fences-and-walls	KvcFYpyP	mcw-fences-1.2.1-mc1.21.11fabric.jar	9aa9763fe32fd2843c6bc576b7f77aa3a97e46bf0bba04603bce2311a932043e5d9739f971d1f38830498a069247903c6da7f5fb355490a1e2f7d5b4bc206ff5	https://cdn.modrinth.com/data/GmwLse2I/versions/KvcFYpyP/mcw-fences-1.2.1-mc1.21.11fabric.jar
macaws-furniture	xhmciaUD	mcw-furniture-3.4.2-mc1.21.11fabric.jar	f984bff2ab79c62220b62268e26b2829467331ffbc2e558126068b5cacdb81925babc0dea82d0a9d6a7981d1b5255f983d3ebc6de88a233c0d4c80cb4baa82a6	https://cdn.modrinth.com/data/dtWC90iB/versions/xhmciaUD/mcw-furniture-3.4.2-mc1.21.11fabric.jar
macaws-lights-and-lamps	DXV1gXS5	mcw-lights-1.1.5-mc1.21.11fabric.jar	e4017551ce1adeb0942bc253b31a4218ce7dfb719b66aa5d7c9bc67276697b19aea7ee120b99ea2ef1e7bc77c89cb5e9642733752523c5d3d25c406a3ff0a4fd	https://cdn.modrinth.com/data/w4an97C2/versions/DXV1gXS5/mcw-lights-1.1.5-mc1.21.11fabric.jar
macaws-paths-and-pavings	RgddKk8C	mcw-paths-1.1.1-mc1.21.11fabric.jar	d99594f70d166e950145c15a6bf91a4ea347195caa1b9087807d466db82bc82ce88c8c8cd627d826d175fe22bb0d922e77dd72b0b4ec549a67c4eefa8ddaa3e0	https://cdn.modrinth.com/data/VRLhWB91/versions/RgddKk8C/mcw-paths-1.1.1-mc1.21.11fabric.jar
macaws-roofs	KQqPCHJC	mcw-roofs-2.3.2-mc1.21.11fabric.jar	cabb092dadf2aeba926e6257158510669572906d9cbb53e6afab10ea167ace45ead6f6316513e1ae58e5551ebc5b1b4afc6a2cccfa50b2ec48f0eebbd525e6dc	https://cdn.modrinth.com/data/B8jaH3P1/versions/KQqPCHJC/mcw-roofs-2.3.2-mc1.21.11fabric.jar
macaws-stairs	HePuVuYI	mcw-stairs-1.0.2-mc1.21.11fabric.jar	60ebdf461f1b18437378fa1c6002bf2b3db3a04b0d0d367f47bdf864c3f00160768385b34f35d257e212c7f9f874c5b5fb828d7bc0874f50b5dccf7881f45892	https://cdn.modrinth.com/data/iP3wH1ha/versions/HePuVuYI/mcw-stairs-1.0.2-mc1.21.11fabric.jar
macaws-trapdoors	smpXiL59	mcw-trapdoors-1.1.5-mc1.21.11fabric.jar	cae1981177356e5c488d2d9e928ff137b1bb702486751d10c5f84bbe82ee7473b9e6f35097f12fd257e58e1827c8b9e24f1ad2cfed333320c6cc3cb802bb854d	https://cdn.modrinth.com/data/n2fvCDlM/versions/smpXiL59/mcw-trapdoors-1.1.5-mc1.21.11fabric.jar
macaws-windows	uriWt4r9	mcw-windows-2.4.2-mc1.21.11fabric.jar	609194c9516d8407bffc0977dba3e296a55648fd7ecf8fb0ea3c899b681a2283ddc89baf36512c1df9c4084af68aee1d752a1664a21b507b89b168d8f1896672	https://cdn.modrinth.com/data/C7I0BCni/versions/uriWt4r9/mcw-windows-2.4.2-mc1.21.11fabric.jar
nullscape	f87vU1jc	Nullscape_1.21.x_v1.2.17.jar	16e12725973e03284d1a9d71c750b9687b91d91789eae8df657aa0f90d3487a68687711e486e2e294800eb492c355960b09be43006f3e0c48f67fc91f4f30bc2	https://cdn.modrinth.com/data/LPjGiSO4/versions/f87vU1jc/Nullscape_1.21.x_v1.2.17.jar
player-locator-plus	FzW7XsAl	player-locator-plus-2.4.0.jar	7e71a8fa07404acc1be564b6c8a16f569de37d203ebd7e5ce8ff67b59d9881b3e6dc7467692f77cc45851a38cf9465d058877fe45a577bda4398e217afe391f5	https://cdn.modrinth.com/data/e0Yt2i7Q/versions/FzW7XsAl/player-locator-plus-2.4.0.jar
polymer	wugBT1fU	polymer-bundled-0.15.2+1.21.11.jar	9c205ab398c324ee4dc376269d8aa5df64d11766b6418952a64d2df94f096e665f63eae0c4f0c66e22d03c6ff6767550d1777c28485340131e6556091199062a	https://cdn.modrinth.com/data/xGdtZczs/versions/wugBT1fU/polymer-bundled-0.15.2%2B1.21.11.jar
structory	Nvh2sSPX	Structory_26.1_v1.3.16.jar	c3528d32c888d5b57cd14d1cf085ceeb567457e770b021dcedfe4475e36e16522cea5796ccb84a6467801d6f3c8d054feefa4a6bac5c4a91b1e8350ad736912d	https://cdn.modrinth.com/data/aKCwCJlY/versions/Nvh2sSPX/Structory_26.1_v1.3.16.jar
structurify	OsYNg1Vu	structurify-fabric-2.0.28+mc1.21.11.jar	bcc86998f90f4e45c8c48d4f43c693b2aa1b25c78dea7e75e0cfa88dbb7968f946f0ad93f5598fc6420fb5267fb9ccab8a0bacf3ac1950105b8f88064193b8ba	https://cdn.modrinth.com/data/yz7AM2zx/versions/OsYNg1Vu/structurify-fabric-2.0.28%2Bmc1.21.11.jar
survival-fly	fg5DE21M	survivalfly-1.2.6_fabric+mc1.21.11.jar	cb9344c3c21493960588511d1589d133afdf2cd6c3bbf66e08b7cffa304c1d7d5ed34288a273206acbaa03d0d01bb35237f6f2d82d59b6d63fe74565e7b75c9f	https://cdn.modrinth.com/data/R03iLZxe/versions/fg5DE21M/survivalfly-1.2.6_fabric%2Bmc1.21.11.jar
tectonic	7olSYFxL	tectonic-3.0.19-fabric-1.21.11.jar	ce0643d45aac7b5e3f3a32fc01928371d97612a9dc6e8df721bf215bf90afa021b8e8d7e19c0d00060c3c98591aec90d2ea51f594fdc0012051f20657fae85ef	https://cdn.modrinth.com/data/lWDHr9jE/versions/7olSYFxL/tectonic-3.0.19-fabric-1.21.11.jar
terralith	vVdNToqE	Terralith_1.21.11_v2.6.1_Fabric.jar	c502e8c18cc6b749fd3d5e8fc6e1d3fc91cdb9763c58c1c7e68c2ea69fb61f27259128171d5f50b2aaa0ea6a7753fcc293f14127110f5f4d2e2141758ffd469e	https://cdn.modrinth.com/data/8oi3bsk5/versions/vVdNToqE/Terralith_1.21.11_v2.6.1_Fabric.jar
terralith-biome-saplings	jyLDOcvy	terralith-biome-saplings-1.1.6.jar	948b1e4ced7ea15a21bc7af78feebc32e31a23d5619bfff8c4efa6b9560e402c11e11bb5ba238d8a2940b20cad5d32adb5cc733c2c51b2949f6b5c962295a524	https://cdn.modrinth.com/data/CYGkXnUb/versions/jyLDOcvy/terralith-biome-saplings-1.1.6.jar
trashslot	h27RWnjv	trashslot-fabric-1.21.11-21.11.4.jar	9bc79b2b81735c764a9dcf72544decb6fccb08070ca2c0b73a3f8d3d9e16611fa66969cdfeeb68924f23c00c8214c19996fa8258499cfb2377cf7b66d2387aa1	https://cdn.modrinth.com/data/vRYk0bv7/versions/h27RWnjv/trashslot-fabric-1.21.11-21.11.4.jar
typewriter-daycounter	aGfAC8xt	vr_typewriter_daycounter_v1.2.jar	ac2d381ab74acc0ef959e8946404c9ae6c8a07a1a527c397314e5485a48bbb50a76af342928060984ac8286a16068ea8b7ea2acc6939d58fad4bffd1d53a9c7e	https://cdn.modrinth.com/data/j6YEKDZd/versions/aGfAC8xt/vr_typewriter_daycounter_v1.2.jar
universal-graves	rZeFZ5ip	graves-3.10.2+1.21.11.jar	62b4e92a9f93585d65a4ef4965472a55f9c180cbc946d4f08ad1f801c59e967a0123b5b3fc6f444504f1088026c0eca65f9d530adee64721ea85ff7c8cc7eca8	https://cdn.modrinth.com/data/yn9u3ypm/versions/rZeFZ5ip/graves-3.10.2%2B1.21.11.jar
yacl	pHWDw3Vc	yet_another_config_lib_v3-3.8.2+1.21.11-fabric.jar	392db7d471030cca27483ecf58c626a14cd73d71a18afe6d4173c6b030948b8a925b36e708d4cc2c897dfa3f20a7f23b999fc18aa6d36c156da29037601153ac	https://cdn.modrinth.com/data/1eAoo2KR/versions/pHWDw3Vc/yet_another_config_lib_v3-3.8.2%2B1.21.11-fabric.jar
